PODS:
  - ITSwitch (1.0)
  - LetsMove (1.22)

DEPENDENCIES:
  - ITSwitch
  - LetsMove

SPEC REPOS:
  https://github.com/CocoaPods/Specs.git:
    - ITSwitch
    - LetsMove

SPEC CHECKSUMS:
  ITSwitch: 7ff745d6f2a6910e9194b23e4eab9a843258a478
  LetsMove: 407d4d14815e6dc1549b6a9fe8e4b0f6aed3e305

PODFILE CHECKSUM: 0bea7d6e33d310773e4b8497fdeb97e7d6cec2fb

COCOAPODS: 1.5.0
